
Microsoft Visual Studio Solution File, Format Version 12.00
# Visual Studio Version 17
VisualStudioVersion = 17.7.34018.315
MinimumVisualStudioVersion = 10.0.40219.1
Project("{FAE04EC0-301F-11D3-BF4B-00C04F79EFBC}") = "Pasta_pişirme_projesi", "Pasta_pişirme_projesi\Pasta_pişirme_projesi.csproj", "{4220195A-9F33-43DC-BC5E-F22C7E03ED2A}"
EndProject
Global
	GlobalSection(SolutionConfigurationPlatforms) = preSolution
		Debug|Any CPU = Debug|Any CPU
		Release|Any CPU = Release|Any CPU
	EndGlobalSection
	GlobalSection(ProjectConfigurationPlatforms) = postSolution
		{4220195A-9F33-43DC-BC5E-F22C7E03ED2A}.Debug|Any CPU.ActiveCfg = Debug|Any CPU
		{4220195A-9F33-43DC-BC5E-F22C7E03ED2A}.Debug|Any CPU.Build.0 = Debug|Any CPU
		{4220195A-9F33-43DC-BC5E-F22C7E03ED2A}.Release|Any CPU.ActiveCfg = Release|Any CPU
		{4220195A-9F33-43DC-BC5E-F22C7E03ED2A}.Release|Any CPU.Build.0 = Release|Any CPU
	EndGlobalSection
	GlobalSection(SolutionProperties) = preSolution
		HideSolutionNode = FALSE
	EndGlobalSection
	GlobalSection(ExtensibilityGlobals) = postSolution
		SolutionGuid = {DFFE810A-B9F2-4D48-A58A-0F018F9477F5}
	EndGlobalSection
EndGlobal
